
Microsoft Visual Studio Solution File, Format Version 12.00
# Visual Studio Version 17
VisualStudioVersion = 17.4.33205.214
MinimumVisualStudioVersion = 10.0.40219.1
Project("{9A19103F-16F7-4668-BE54-9A1E7A4F7556}") = "BasicSqlServerPasswordApp", "BasicSqlServerPasswordApp\BasicSqlServerPasswordApp.csproj", "{AB1602C9-6E7D-4319-AC90-DA99F663E14C}"
EndProject
Project("{2150E333-8FDC-42A3-9474-1A3956D46DE8}") = "Solution Items", "Solution Items", "{FF23AEF3-DE8C-4227-BD88-9A5E735034CF}"
	ProjectSection(SolutionItems) = preProject
		readme.md = readme.md
	EndProjectSection
EndProject
Project("{FAE04EC0-301F-11D3-BF4B-00C04F79EFBC}") = "SqlServerUtilities", "SqlServerUtilities\SqlServerUtilities.csproj", "{9B41B755-F3B2-45BD-A291-67FDF18D45A8}"
EndProject
Project("{2150E333-8FDC-42A3-9474-1A3956D46DE8}") = "Class projects", "Class projects", "{D3120CA7-0B06-4D09-8BB2-FA3D49299BE1}"
EndProject
Project("{2150E333-8FDC-42A3-9474-1A3956D46DE8}") = "Console projects", "Console projects", "{A6EF79BB-0E0B-43B3-80A9-25D07D366234}"
EndProject
Project("{FAE04EC0-301F-11D3-BF4B-00C04F79EFBC}") = "UnitTestProject", "UnitTestProject\UnitTestProject.csproj", "{9D8BB5CF-9CC7-4FFF-857B-7A9ECA4438B6}"
EndProject
Global
	GlobalSection(SolutionConfigurationPlatforms) = preSolution
		Debug|Any CPU = Debug|Any CPU
		Release|Any CPU = Release|Any CPU
	EndGlobalSection
	GlobalSection(ProjectConfigurationPlatforms) = postSolution
		{AB1602C9-6E7D-4319-AC90-DA99F663E14C}.Debug|Any CPU.ActiveCfg = Debug|Any CPU
		{AB1602C9-6E7D-4319-AC90-DA99F663E14C}.Debug|Any CPU.Build.0 = Debug|Any CPU
		{AB1602C9-6E7D-4319-AC90-DA99F663E14C}.Release|Any CPU.ActiveCfg = Release|Any CPU
		{AB1602C9-6E7D-4319-AC90-DA99F663E14C}.Release|Any CPU.Build.0 = Release|Any CPU
		{9B41B755-F3B2-45BD-A291-67FDF18D45A8}.Debug|Any CPU.ActiveCfg = Debug|Any CPU
		{9B41B755-F3B2-45BD-A291-67FDF18D45A8}.Debug|Any CPU.Build.0 = Debug|Any CPU
		{9B41B755-F3B2-45BD-A291-67FDF18D45A8}.Release|Any CPU.ActiveCfg = Release|Any CPU
		{9B41B755-F3B2-45BD-A291-67FDF18D45A8}.Release|Any CPU.Build.0 = Release|Any CPU
		{9D8BB5CF-9CC7-4FFF-857B-7A9ECA4438B6}.Debug|Any CPU.ActiveCfg = Debug|Any CPU
		{9D8BB5CF-9CC7-4FFF-857B-7A9ECA4438B6}.Debug|Any CPU.Build.0 = Debug|Any CPU
		{9D8BB5CF-9CC7-4FFF-857B-7A9ECA4438B6}.Release|Any CPU.ActiveCfg = Release|Any CPU
		{9D8BB5CF-9CC7-4FFF-857B-7A9ECA4438B6}.Release|Any CPU.Build.0 = Release|Any CPU
	EndGlobalSection
	GlobalSection(SolutionProperties) = preSolution
		HideSolutionNode = FALSE
	EndGlobalSection
	GlobalSection(NestedProjects) = preSolution
		{AB1602C9-6E7D-4319-AC90-DA99F663E14C} = {A6EF79BB-0E0B-43B3-80A9-25D07D366234}
		{9B41B755-F3B2-45BD-A291-67FDF18D45A8} = {D3120CA7-0B06-4D09-8BB2-FA3D49299BE1}
	EndGlobalSection
	GlobalSection(ExtensibilityGlobals) = postSolution
		SolutionGuid = {9C79E6BA-F423-4BB6-943F-C941511EE442}
	EndGlobalSection
EndGlobal
